
Microsoft Visual Studio Solution File, Format Version 12.00
# Visual Studio Version 16
VisualStudioVersion = 16.0.31729.503
MinimumVisualStudioVersion = 10.0.40219.1
Project("{FAE04EC0-301F-11D3-BF4B-00C04F79EFBC}") = "OcmKeymapper", "OcmKeymapper.csproj", "{5CDE0A6E-37DF-47AF-B825-1176A61BEEB4}"
EndProject
Global
	GlobalSection(SolutionConfigurationPlatforms) = preSolution
		Debug|Any CPU = Debug|Any CPU
		Release|Any CPU = Release|Any CPU
	EndGlobalSection
	GlobalSection(ProjectConfigurationPlatforms) = postSolution
		{5CDE0A6E-37DF-47AF-B825-1176A61BEEB4}.Debug|Any CPU.ActiveCfg = Debug|Any CPU
		{5CDE0A6E-37DF-47AF-B825-1176A61BEEB4}.Debug|Any CPU.Build.0 = Debug|Any CPU
		{5CDE0A6E-37DF-47AF-B825-1176A61BEEB4}.Release|Any CPU.ActiveCfg = Release|Any CPU
		{5CDE0A6E-37DF-47AF-B825-1176A61BEEB4}.Release|Any CPU.Build.0 = Release|Any CPU
	EndGlobalSection
	GlobalSection(SolutionProperties) = preSolution
		HideSolutionNode = FALSE
	EndGlobalSection
	GlobalSection(ExtensibilityGlobals) = postSolution
		SolutionGuid = {76678A3D-334A-4EB8-B6E8-CDF0EF5758BC}
	EndGlobalSection
EndGlobal
